aiodns @ file:///home/task_176218489250449/conda-bld/aiodns_1762184935305/work
aiohappyeyeballs @ file:///croot/aiohappyeyeballs_1755769838153/work
aiohttp @ file:///home/task_176251938157474/conda-bld/aiohttp_1762519754969/work
aiosignal @ file:///croot/aiosignal_1755870803324/work
anndata==0.12.10
annotated-types==0.7.0
anyio @ file:///home/task_175862178814400/conda-bld/anyio_1758622418219/work
appdirs==1.4.4
archspec==0.2.5
argon2-cffi @ file:///opt/conda/conda-bld/argon2-cffi_1645000214183/work
argon2-cffi-bindings @ file:///home/task_175792493682486/conda-bld/argon2-cffi-bindings_1757924953532/work
array-api-compat==1.13.0
arrow==1.4.0
asttokens @ file:///croot/asttokens_1743630435401/work
async-lru @ file:///home/task_176112146602474/conda-bld/async-lru_1761121515285/work
attrs @ file:///home/task_176235647440041/conda-bld/attrs_1762356877723/work
babel @ file:///home/task_176415923916162/conda-bld/babel_1764159289565/work
backports.zstd==1.7.0
beautifulsoup4 @ file:///croot/beautifulsoup4-split_1752598980051/work
biopython @ file:///home/conda/feedstock_root/build_artifacts/biopython_1774882026437/work
biotite @ file:///home/conda/feedstock_root/build_artifacts/bld/rattler-build_biotite_1769856721/work
biotraj @ file:///home/conda/feedstock_root/build_artifacts/bld/rattler-build_biotraj_1767272628/work
bleach @ file:///home/task_176415343735854/conda-bld/bleach_1764153571540/work
brotli==1.2.0
brotlicffi @ file:///home/task_176295012249926/conda-bld/brotlicffi_1762950228950/work
cairocffi==1.7.1
CairoSVG==2.9.0
certifi @ file:///home/task_BIEx8GGrT7iFo_0/croot/certifi_1785412678757/work/certifi
cffi @ file:///home/task_176183215096628/conda-bld/cffi_1761832773152/work
charset-normalizer @ file:///home/task_176174481308776/conda-bld/charset-normalizer_1761744826568/work
click==8.0.3
clipkit @ file:///opt/conda/conda-bld/clipkit_1786030602600/work
colorama==0.4.6
coloredlogs @ file:///home/conda/feedstock_root/build_artifacts/coloredlogs_1733927977068/work
colorlog==6.3.0a1
comm @ file:///home/task_176311912503377/conda-bld/comm_1763119154572/work
contourpy @ file:///croot/contourpy_1732540045555/work
cssselect2==0.9.0
custom-inherit==2.4.1
cycler @ file:///tmp/build/80754af9/cycler_1637851556182/work
Cython==3.2.4
debugpy @ file:///home/task_176242086745011/conda-bld/debugpy_1762421636577/work
decorator @ file:///home/task_175734099691499/conda-bld/decorator_1757341236139/work
defusedxml @ file:///tmp/build/80754af9/defusedxml_1615228127516/work
diptest==0.11.0
docstring_parser==0.18.0
donfig==0.8.1.post1
et_xmlfile @ file:///croot/et_xmlfile_1756462486635/work
ete3==3.1.3
exceptiongroup @ file:///home/conda/feedstock_root/build_artifacts/exceptiongroup_1746947292760/work
executing @ file:///home/task_175706097783255/conda-bld/executing_1757061230504/work
fastjsonschema @ file:///home/task_176371856301416/conda-bld/python-fastjsonschema_1763718583388/work
flatbuffers @ file:///home/conda/feedstock_root/build_artifacts/python-flatbuffers_1758880282135/work
fonttools @ file:///home/task_175975467226191/conda-bld/fonttools_1759754871865/work
forgi==2.2.3
freesasa @ file:///home/conda/feedstock_root/build_artifacts/freesasa-python-split_1756396678507/work
frozenlist @ file:///home/task_176106154445446/conda-bld/frozenlist_1761062013168/work
future==1.0.0
gemmi==0.7.5
gmpy2 @ file:///home/conda/feedstock_root/build_artifacts/gmpy2_1773244951694/work
google-crc32c==1.8.0
graphql-core==3.2.12
graphviz @ file:///home/conda/feedstock_root/build_artifacts/python-graphviz_1749998426524/work
h11 @ file:///home/task_176193127072780/conda-bld/h11_1761931281921/work
h2==4.4.1
h5py==3.15.1
hpack==4.2.0
html5lib @ file:///Users/ktietz/demo/mc3/conda-bld/html5lib_1629144453894/work
httpcore @ file:///croot/httpcore_1748526048470/work
httpcore2==2.12.0
httpx @ file:///home/task_176044736830261/conda-bld/httpx_1760447380560/work
httpx2==2.12.0
humanfriendly @ file:///home/conda/feedstock_root/build_artifacts/humanfriendly_1733927922002/work
humanize==4.16.0
hyperframe==6.1.0
idna==3.19
importlib_metadata @ file:///home/conda/feedstock_root/build_artifacts/bld/rattler-build_importlib-metadata_1747934053/work
ipykernel @ file:///home/conda/feedstock_root/build_artifacts/ipykernel_1754352855579/work
ipython @ file:///home/task_176278907235969/conda-bld/ipython_1762789338226/work
ipython_pygments_lexers @ file:///croot/ipython_pygments_lexers_1744753235686/work
ipywidgets @ file:///home/task_176155976892139/conda-bld/ipywidgets_1761560157550/work
jedi @ file:///croot/jedi_1733987392413/work
Jinja2 @ file:///croot/jinja2_1741710844255/work
joblib==1.5.3
json5 @ file:///home/task_176371846916870/conda-bld/json5_1763718481225/work
jsonapi-client @ file:///home/conda/feedstock_root/build_artifacts/jsonapi-client_1614805660152/work
jsonschema @ file:///home/task_176245919820156/conda-bld/jsonschema_1762459245784/work
jsonschema-specifications @ file:///home/task_176278841581006/conda-bld/jsonschema-specifications_1762788429133/work
jupyter @ file:///croot/jupyter_1737645803214/work
jupyter-console @ file:///work/perseverance-python-buildout/croot/jupyter_console_1707343324117/work
jupyter-events @ file:///croot/jupyter_events_1741184577592/work
jupyter-lsp @ file:///croot/jupyter-lsp-meta_1745827015155/work
jupyter_client @ file:///home/task_176294303581930/conda-bld/jupyter_client_1762943085155/work
jupyter_core @ file:///home/task_176458820445830/conda-bld/jupyter_core_1764588284850/work
jupyter_server @ file:///croot/jupyter_server_1751996616172/work
jupyter_server_terminals @ file:///croot/jupyter_server_terminals_1744706698694/work
jupyterlab @ file:///home/task_175812492043299/conda-bld/jupyterlab_1758124978696/work
jupyterlab_pygments @ file:///croot/jupyterlab_pygments_1741124142640/work
jupyterlab_server @ file:///home/task_176175084635564/conda-bld/jupyterlab_server_1761751424082/work
jupyterlab_widgets @ file:///croot/jupyterlab_widgets_1752066547979/work
kiwisolver @ file:///home/task_176415927184728/conda-bld/kiwisolver_1764159298260/work
legacy-api-wrap==1.5
llvmlite==0.47.0
logging_exceptions==0.1.9
logomaker==0.8.7
loguru==0.7.3
lxml==6.1.1
MacSyFinder==2.1.4
MacSyLib==1.0.4
markdown-it-py @ file:///home/task_176700162639026/croot/markdown-it-py_1767001647699/work
MarkupSafe @ file:///croot/markupsafe_1738584038848/work
matplotlib==3.10.5
matplotlib-inline @ file:///home/task_176277916602646/conda-bld/matplotlib-inline_1762779180318/work
matplotlib-venn @ file:///home/conda/feedstock_root/build_artifacts/matplotlib-venn_1740774532587/work
mdmparis-defense-finder==2.0.1
mdurl @ file:///home/task_175855214286592/conda-bld/mdurl_1758552159735/work
mg-toolkit @ file:///opt/conda/conda-bld/mg-toolkit_1653155492272/work
mistune @ file:///croot/mistune_1741124011532/work
mpmath @ file:///home/conda/feedstock_root/build_artifacts/mpmath_1773661943568/work
msgpack @ file:///home/conda/feedstock_root/build_artifacts/msgpack-python_1762503974934/work
multidict @ file:///home/task_176056679877693/conda-bld/multidict_1760566857683/work
multipledispatch==1.0.0
natsort==8.4.0
nbclient @ file:///croot/nbclient_1741123995822/work
nbconvert @ file:///croot/nbconvert-meta_1741184653315/work
nbformat @ file:///croot/nbformat_1728049424075/work
nest-asyncio @ file:///croot/nest-asyncio_1708532673751/work
networkx @ file:///home/conda/feedstock_root/build_artifacts/bld/rattler-build_networkx_1765215107/work
nlopt==2.10.0
notebook @ file:///croot/notebook_1756709302552/work
notebook_shim @ file:///croot/notebook-shim_1741707758683/work
numba==0.65.1
numcodecs==0.16.5
numpy==1.26.4
onnxruntime-gpu @ file:///home/conda/feedstock_root/build_artifacts/onnxruntime_1772573181424/work/build-ci/Release/dist/onnxruntime_gpu-1.24.2-cp312-cp312-linux_x86_64.whl#sha256=a6eed68f76b7f83527951cde58e0dca2be2ad88b4b4b7929b96e8300c076f6a4
openprotein-python==0.12.1
openpyxl @ file:///croot/openpyxl_1736366913861/work
overrides @ file:///home/task_176234907867157/conda-bld/overrides_1762349090918/work
packaging @ file:///home/task_176104874243446/conda-bld/packaging_1761049080023/work
pandas @ file:///home/task_177548010039483/croot/pandas_1775480129431/work
pandocfilters @ file:///home/task_175697769885483/conda-bld/pandocfilters_1756977745951/work
parso @ file:///home/task_176278181429383/conda-bld/parso_1762781859742/work
patsy @ file:///croot/patsy_1738159930729/work
pexpect @ file:///home/task_176253513024890/conda-bld/pexpect_1762535937809/work
pickleshare @ file:///home/conda/feedstock_root/build_artifacts/pickleshare_1733327343728/work
pillow @ file:///home/conda/feedstock_root/build_artifacts/pillow_1756853381948/work
platformdirs @ file:///home/task_176235638281825/conda-bld/platformdirs_1762356487196/work
prometheus_client @ file:///croot/prometheus_client_1744271615306/work
prompt_toolkit @ file:///home/task_176174483920045/conda-bld/prompt-toolkit_1761744853185/work
propcache @ file:///home/task_176545728354058/conda-bld/propcache_1765457305275/work
protobuf @ file:///home/conda/feedstock_root/build_artifacts/protobuf_1773265050007/work/bazel-bin/python/dist/protobuf-6.33.5-cp312-abi3-linux_x86_64.whl#sha256=205076b23206ad2e62b13ee5e8d3d64ef512a537cb9234e1a336c32fb96bf540
psutil @ file:///home/task_176189642211680/conda-bld/psutil_1761896463664/work
ptyprocess @ file:///opt/miniconda3/conda-bld/ptyprocess_1762424170819/work/dist/ptyprocess-0.7.0-py2.py3-none-any.whl#sha256=3470be7f810474c8a2ecfcd6e02acc6aea8483ab595417fa4e336362a349933e
pure_eval @ file:///home/task_175706684826776/conda-bld/pure_eval_1757067049051/work
pyarrow==25.0.0
pybiolib==1.3.427
pycares @ file:///croot/pycares_1756217929773/work
pycparser @ file:///home/task_175749564075091/conda-bld/pycparser_1757496039511/work
pydantic==2.13.1
pydantic_core==2.46.1
Pygments @ file:///home/task_176243120367123/conda-bld/pygments_1762431407417/work
pyhmmer==0.12.0
pyMSAviz==0.5.0
pynndescent==0.6.0
pyparsing @ file:///home/task_176397389694487/conda-bld/pyparsing_1763973908808/work
pypdf==6.14.2
pypng==0.20220715.0
PyQt5==5.15.11
PyQt5_sip @ file:///home/task_176400905474484/conda-bld/pyqt-split_1764009068169/work/pyqt_sip
pyrodigal==3.7.0
PySide6==6.9.0
PySocks @ file:///home/task_176175225699803/conda-bld/pysocks_1761753009944/work
pytango==10.1.4
python-dateutil @ file:///croot/python-dateutil_1716495738603/work
python-json-logger @ file:///home/task_176459015196371/conda-bld/python-json-logger_1764590198584/work
python-pptx==1.0.2
pytz @ file:///croot/pytz_1752135852232/work
PyYAML @ file:///home/task_176346544403961/conda-bld/pyyaml_1763465494824/work
pyzmq @ file:///home/task_176237559504765/conda-bld/pyzmq_1762375608075/work
qtconsole @ file:///home/task_175874872926638/conda-bld/qtconsole_1758748780054/work
QtPy @ file:///home/task_175753109380276/conda-bld/qtpy_1757531145578/work
rcsb-api==1.7.3
referencing @ file:///home/task_176253675477096/conda-bld/referencing_1762536887597/work
reportlab==4.4.10
requests @ file:///home/task_176235960792214/conda-bld/requests_1762359619036/work
rfc3339-validator @ file:///work/perseverance-python-buildout/croot/rfc3339-validator_1698873973408/work
rfc3986-validator @ file:///work/perseverance-python-buildout/croot/rfc3986-validator_1698874010100/work
rich @ file:///home/task_176037557748473/conda-bld/rich_1760375635468/work
rpds-py @ file:///home/task_176236637726140/conda-bld/rpds-py_1762366483045/work
rustworkx==0.18.1
scikit-learn==1.8.0
scipy @ file:///home/task_176219500524435/conda-bld/scipy_1762195054327/work/dist/scipy-1.16.3-cp312-cp312-linux_x86_64.whl#sha256=d4ed7802cf02478a78070a11ad59568be296ce73d522e2f91a73d540eeaa0765
seaborn @ file:///croot/seaborn_1749110291192/work
Send2Trash @ file:///croot/send2trash_1736540790175/work
setuptools==80.9.0
shiboken6==6.9.0
sip @ file:///croot/sip_1756223371714/work
six @ file:///croot/six_1744271502820/work
sniffio @ file:///home/task_176432905353501/conda-bld/sniffio_1764329151381/work
socksio==1.0.0
soupsieve @ file:///work/perseverance-python-buildout/croot/soupsieve_1698866207280/work
speedtest-cli==2.1.3
stack_data @ file:///home/task_175706679004827/conda-bld/stack_data_1757067036633/work
statsmodels @ file:///croot/statsmodels_1753363813252/work
sympy @ file:///home/conda/feedstock_root/build_artifacts/sympy_1771952240620/work
terminado @ file:///home/task_175793482296888/conda-bld/terminado_1757934840133/work
threadpoolctl==3.6.0
tinycss2 @ file:///croot/tinycss2_1738337643607/work
tomli==2.4.1
tornado @ file:///croot/tornado_1748956929273/work
toyplot==2.0.0
toytree==3.0.11
tqdm @ file:///home/task_176286301777781/conda-bld/tqdm_1762863350242/work
traitlets @ file:///croot/traitlets_1718227057033/work
truststore==0.10.4
typing-inspection==0.4.2
typing_extensions @ file:///croot/typing_extensions_1756280817316/work
tzdata @ file:///croot/python-tzdata_1746123641790/work
umap-learn==0.5.12
unicodedata2 @ file:///croot/unicodedata2_1736541023050/work
urllib3 @ file:///croot/urllib3_1750775463400/work
uvloop @ file:///home/task_176217538989167/conda-bld/uvloop_1762175502859/work
wcwidth @ file:///croot/wcwidth_1750352883074/work
webencodings @ file:///work/perseverance-python-buildout/croot/webencodings_1698866454420/work
websocket-client @ file:///croot/websocket-client_1715878298792/work
wheel==0.45.1
widgetsnbextension @ file:///home/task_176155666455817/conda-bld/widgetsnbextension_1761556740113/work
xgboost @ file:///croot/xgboost-split_1749630910898/work/python-package
xlsxwriter==3.2.9
yarl @ file:///home/task_176224980379558/conda-bld/yarl_1762250143152/work
zarr==3.1.5
zenodo-get==3.1.0
zipp @ file:///home/conda/feedstock_root/build_artifacts/zipp_1749421620841/work
